// !$*UTF8*$!
{
	archiveVersion = 1;
	classes = {
	};
	objectVersion = 46;
	objects = {

/* Begin PBXBuildFile section */
		ADEE66D81E5730AE00C05575 /* main.m in Sources */ = {isa = PBXBuildFile; fileRef = ADEE66D71E5730AE00C05575 /* main.m */; };
		ADEE66DB1E5730AF00C05575 /* AppDelegate.m in Sources */ = {isa = PBXBuildFile; fileRef = ADEE66DA1E5730AF00C05575 /* AppDelegate.m */; };
		ADEE66E11E5730AF00C05575 /* Main.storyboard in Resources */ = {isa = PBXBuildFile; fileRef = ADEE66DF1E5730AF00C05575 /* Main.storyboard */; };
		ADEE66E31E5730AF00C05575 /* Assets.xcassets in Resources */ = {isa = PBXBuildFile; fileRef = ADEE66E21E5730AF00C05575 /* Assets.xcassets */; };
		ADEE66E61E5730AF00C05575 /* LaunchScreen.storyboard in Resources */ = {isa = PBXBuildFile; fileRef = ADEE66E41E5730AF00C05575 /* LaunchScreen.storyboard */; };
		ADEE66F01E57373D00C05575 /* DFTextField.m in Sources */ = {isa = PBXBuildFile; fileRef = ADEE66EF1E57373D00C05575 /* DFTextField.m */; };
		ADEE66F31E57EE6400C05575 /* AnotherController.m in Sources */ = {isa = PBXBuildFile; fileRef = ADEE66F21E57EE6400C05575 /* AnotherController.m */; };
/* End PBXBuildFile section */

/* Begin PBXFileReference section */
		ADEE66D31E5730AE00C05575 /* UITextField限制字数Demo.app */ = {isa = PBXFileReference; explicitFileType = wrapper.application; includeInIndex = 0; path = "UITextField限制字数Demo.app"; sourceTree = BUILT_PRODUCTS_DIR; };
		ADEE66D71E5730AE00C05575 /* main.m */ = {isa = PBXFileReference; lastKnownFileType = sourcecode.c.objc; path = main.m; sourceTree = "<group>"; };
		ADEE66D91E5730AE00C05575 /* AppDelegate.h */ = {isa = PBXFileReference; lastKnownFileType = sourcecode.c.h; path = AppDelegate.h; sourceTree = "<group>"; };
		ADEE66DA1E5730AF00C05575 /* AppDelegate.m */ = {isa = PBXFileReference; lastKnownFileType = sourcecode.c.objc; path = AppDelegate.m; sourceTree = "<group>"; };
		ADEE66E01E5730AF00C05575 /* Base */ = {isa = PBXFileReference; lastKnownFileType = file.storyboard; name = Base; path = Base.lproj/Main.storyboard; sourceTree = "<group>"; };
		ADEE66E21E5730AF00C05575 /* Assets.xcassets */ = {isa = PBXFileReference; lastKnownFileType = folder.assetcatalog; path = Assets.xcassets; sourceTree = "<group>"; };
		ADEE66E51E5730AF00C05575 /* Base */ = {isa = PBXFileReference; lastKnownFileType = file.storyboard; name = Base; path = Base.lproj/LaunchScreen.storyboard; sourceTree = "<group>"; };
		ADEE66E71E5730AF00C05575 /* Info.plist */ = {isa = PBXFileReference; lastKnownFileType = text.plist.xml; path = Info.plist; sourceTree = "<group>"; };
		ADEE66EE1E57373D00C05575 /* DFTextField.h */ = {isa = PBXFileReference; fileEncoding = 4; lastKnownFileType = sourcecode.c.h; path = DFTextField.h; sourceTree = "<group>"; };
		ADEE66EF1E57373D00C05575 /* DFTextField.m */ = {isa = PBXFileReference; fileEncoding = 4; lastKnownFileType = sourcecode.c.objc; path = DFTextField.m; sourceTree = "<group>"; };
		ADEE66F11E57EE6400C05575 /* AnotherController.h */ = {isa = PBXFileReference; fileEncoding = 4; lastKnownFileType = sourcecode.c.h; path = AnotherController.h; sourceTree = "<group>"; };
		ADEE66F21E57EE6400C05575 /* AnotherController.m */ = {isa = PBXFileReference; fileEncoding = 4; lastKnownFileType = sourcecode.c.objc; path = AnotherController.m; sourceTree = "<group>"; };
/* End PBXFileReference section */

/* Begin PBXFrameworksBuildPhase section */
		ADEE66D01E5730AE00C05575 /* Frameworks */ = {
			isa = PBXFrameworksBuildPhase;
			buildActionMask = 2147483647;
			files = (
			);
			runOnlyForDeploymentPostprocessing = 0;
		};
/* End PBXFrameworksBuildPhase section */

/* Begin PBXGroup section */
		ADEE66CA1E5730AE00C05575 = {
			isa = PBXGroup;
			children = (
				ADEE66D51E5730AE00C05575 /* UITextField限制字数Demo */,
				ADEE66D41E5730AE00C05575 /* Products */,
			);
			sourceTree = "<group>";
		};
		ADEE66D41E5730AE00C05575 /* Products */ = {
			isa = PBXGroup;
			children = (
				ADEE66D31E5730AE00C05575 /* UITextField限制字数Demo.app */,
			);
			name = Products;
			sourceTree = "<group>";
		};
		ADEE66D51E5730AE00C05575 /* UITextField限制字数Demo */ = {
			isa = PBXGroup;
			children = (
				ADEE66ED1E57372400C05575 /* DFTextField */,
				ADEE66D91E5730AE00C05575 /* AppDelegate.h */,
				ADEE66DA1E5730AF00C05575 /* AppDelegate.m */,
				ADEE66DF1E5730AF00C05575 /* Main.storyboard */,
				ADEE66E21E5730AF00C05575 /* Assets.xcassets */,
				ADEE66E41E5730AF00C05575 /* LaunchScreen.storyboard */,
				ADEE66E71E5730AF00C05575 /* Info.plist */,
				ADEE66D61E5730AE00C05575 /* Supporting Files */,
				ADEE66F11E57EE6400C05575 /* AnotherController.h */,
				ADEE66F21E57EE6400C05575 /* AnotherController.m */,
			);
			path = "UITextField限制字数Demo";
			sourceTree = "<group>";
		};
		ADEE66D61E5730AE00C05575 /* Supporting Files */ = {
			isa = PBXGroup;
			children = (
				ADEE66D71E5730AE00C05575 /* main.m */,
			);
			name = "Supporting Files";
			sourceTree = "<group>";
		};
		ADEE66ED1E57372400C05575 /* DFTextField */ = {
			isa = PBXGroup;
			children = (
				ADEE66EE1E57373D00C05575 /* DFTextField.h */,
				ADEE66EF1E57373D00C05575 /* DFTextField.m */,
			);
			path = DFTextField;
			sourceTree = "<group>";
		};
/* End PBXGroup section */

/* Begin PBXNativeTarget section */
		ADEE66D21E5730AE00C05575 /* UITextField限制字数Demo */ = {
			isa = PBXNativeTarget;
			buildConfigurationList = ADEE66EA1E5730AF00C05575 /* Build configuration list for PBXNativeTarget "UITextField限制字数Demo" */;
			buildPhases = (
				ADEE66CF1E5730AE00C05575 /* Sources */,
				ADEE66D01E5730AE00C05575 /* Frameworks */,
				ADEE66D11E5730AE00C05575 /* Resources */,
			);
			buildRules = (
			);
			dependencies = (
			);
			name = "UITextField限制字数Demo";
			productName = "UITextField限制字数Demo";
			productReference = ADEE66D31E5730AE00C05575 /* UITextField限制字数Demo.app */;
			productType = "com.apple.product-type.application";
		};
/* End PBXNativeTarget section */

/* Begin PBXProject section */
		ADEE66CB1E5730AE00C05575 /* Project object */ = {
			isa = PBXProject;
			attributes = {
				LastUpgradeCheck = 0820;
				ORGANIZATIONNAME = DFD;
				TargetAttributes = {
					ADEE66D21E5730AE00C05575 = {
						CreatedOnToolsVersion = 8.2.1;
						DevelopmentTeam = 6EM7RHL4TV;
						ProvisioningStyle = Automatic;
					};
				};
			};
			buildConfigurationList = ADEE66CE1E5730AE00C05575 /* Build configuration list for PBXProject "UITextField限制字数Demo" */;
			compatibilityVersion = "Xcode 3.2";
			developmentRegion = English;
			hasScannedForEncodings = 0;
			knownRegions = (
				en,
				Base,
			);
			mainGroup = ADEE66CA1E5730AE00C05575;
			productRefGroup = ADEE66D41E5730AE00C05575 /* Products */;
			projectDirPath = "";
			projectRoot = "";
			targets = (
				ADEE66D21E5730AE00C05575 /* UITextField限制字数Demo */,
			);
		};
/* End PBXProject section */

/* Begin PBXResourcesBuildPhase section */
		ADEE66D11E5730AE00C05575 /* Resources */ = {
			isa = PBXResourcesBuildPhase;
			buildActionMask = 2147483647;
			files = (
				ADEE66E61E5730AF00C05575 /* LaunchScreen.storyboard in Resources */,
				ADEE66E31E5730AF00C05575 /* Assets.xcassets in Resources */,
				ADEE66E11E5730AF00C05575 /* Main.storyboard in Resources */,
			);
			runOnlyForDeploymentPostprocessing = 0;
		};
/* End PBXResourcesBuildPhase section */

/* Begin PBXSourcesBuildPhase section */
		ADEE66CF1E5730AE00C05575 /* Sources */ = {
			isa = PBXSourcesBuildPhase;
			buildActionMask = 2147483647;
			files = (
				ADEE66DB1E5730AF00C05575 /* AppDelegate.m in Sources */,
				ADEE66D81E5730AE00C05575 /* main.m in Sources */,
				ADEE66F31E57EE6400C05575 /* AnotherController.m in Sources */,
				ADEE66F01E57373D00C05575 /* DFTextField.m in Sources */,
			);
			runOnlyForDeploymentPostprocessing = 0;
		};
/* End PBXSourcesBuildPhase section */

/* Begin PBXVariantGroup section */
		ADEE66DF1E5730AF00C05575 /* Main.storyboard */ = {
			isa = PBXVariantGroup;
			children = (
				ADEE66E01E5730AF00C05575 /* Base */,
			);
			name = Main.storyboard;
			sourceTree = "<group>";
		};
		ADEE66E41E5730AF00C05575 /* LaunchScreen.storyboard */ = {
			isa = PBXVariantGroup;
			children = (
				ADEE66E51E5730AF00C05575 /* Base */,
			);
			name = LaunchScreen.storyboard;
			sourceTree = "<group>";
		};
/* End PBXVariantGroup section */

/* Begin XCBuildConfiguration section */
		ADEE66E81E5730AF00C05575 /* Debug */ = {
			isa = XCBuildConfiguration;
			buildSettings = {
				ALWAYS_SEARCH_USER_PATHS = NO;
				CLANG_ANALYZER_NONNULL = YES;
				CLANG_CXX_LANGUAGE_STANDARD = "gnu++0x";
				CLANG_CXX_LIBRARY = "libc++";
				CLANG_ENABLE_MODULES = YES;
				CLANG_ENABLE_OBJC_ARC = YES;
				CLANG_WARN_BOOL_CONVERSION = YES;
				CLANG_WARN_CONSTANT_CONVERSION = YES;
				CLANG_WARN_DIRECT_OBJC_ISA_USAGE = YES_ERROR;
				CLANG_WARN_DOCUMENTATION_COMMENTS = YES;
				CLANG_WARN_EMPTY_BODY = YES;
				CLANG_WARN_ENUM_CONVERSION = YES;
				CLANG_WARN_INFINITE_RECURSION = YES;
				CLANG_WARN_INT_CONVERSION = YES;
				CLANG_WARN_OBJC_ROOT_CLASS = YES_ERROR;
				CLANG_WARN_SUSPICIOUS_MOVE = YES;
				CLANG_WARN_UNREACHABLE_CODE = YES;
				CLANG_WARN__DUPLICATE_METHOD_MATCH = YES;
				"CODE_SIGN_IDENTITY[sdk=iphoneos*]" = "iPhone Developer";
				COPY_PHASE_STRIP = NO;
				DEBUG_INFORMATION_FORMAT = dwarf;
				ENABLE_STRICT_OBJC_MSGSEND = YES;
				ENABLE_TESTABILITY = YES;
				GCC_C_LANGUAGE_STANDARD = gnu99;
				GCC_DYNAMIC_NO_PIC = NO;
				GCC_NO_COMMON_BLOCKS = YES;
				GCC_OPTIMIZATION_LEVEL = 0;
				GCC_PREPROCESSOR_DEFINITIONS = (
					"DEBUG=1",
					"$(inherited)",
				);
				GCC_WARN_64_TO_32_BIT_CONVERSION = YES;
				GCC_WARN_ABOUT_RETURN_TYPE = YES_ERROR;
				GCC_WARN_UNDECLARED_SELECTOR = YES;
				GCC_WARN_UNINITIALIZED_AUTOS = YES_AGGRESSIVE;
				GCC_WARN_UNUSED_FUNCTION = YES;
				GCC_WARN_UNUSED_VARIABLE = YES;
				IPHONEOS_DEPLOYMENT_TARGET = 10.2;
				MTL_ENABLE_DEBUG_INFO = YES;
				ONLY_ACTIVE_ARCH = YES;
				SDKROOT = iphoneos;
			};
			name = Debug;
		};
		ADEE66E91E5730AF00C05575 /* Release */ = {
			isa = XCBuildConfiguration;
			buildSettings = {
				ALWAYS_SEARCH_USER_PATHS = NO;
				CLANG_ANALYZER_NONNULL = YES;
				CLANG_CXX_LANGUAGE_STANDARD = "gnu++0x";
				CLANG_CXX_LIBRARY = "libc++";
				CLANG_ENABLE_MODULES = YES;
				CLANG_ENABLE_OBJC_ARC = YES;
				CLANG_WARN_BOOL_CONVERSION = YES;
				CLANG_WARN_CONSTANT_CONVERSION = YES;
				CLANG_WARN_DIRECT_OBJC_ISA_USAGE = YES_ERROR;
				CLANG_WARN_DOCUMENTATION_COMMENTS = YES;
				CLANG_WARN_EMPTY_BODY = YES;
				CLANG_WARN_ENUM_CONVERSION = YES;
				CLANG_WARN_INFINITE_RECURSION = YES;
				CLANG_WARN_INT_CONVERSION = YES;
				CLANG_WARN_OBJC_ROOT_CLASS = YES_ERROR;
				CLANG_WARN_SUSPICIOUS_MOVE = YES;
				CLANG_WARN_UNREACHABLE_CODE = YES;
				CLANG_WARN__DUPLICATE_METHOD_MATCH = YES;
				"CODE_SIGN_IDENTITY[sdk=iphoneos*]" = "iPhone Developer";
				COPY_PHASE_STRIP = NO;
				DEBUG_INFORMATION_FORMAT = "dwarf-with-dsym";
				ENABLE_NS_ASSERTIONS = NO;
				ENABLE_STRICT_OBJC_MSGSEND = YES;
				GCC_C_LANGUAGE_STANDARD = gnu99;
				GCC_NO_COMMON_BLOCKS = YES;
				GCC_WARN_64_TO_32_BIT_CONVERSION = YES;
				GCC_WARN_ABOUT_RETURN_TYPE = YES_ERROR;
				GCC_WARN_UNDECLARED_SELECTOR = YES;
				GCC_WARN_UNINITIALIZED_AUTOS = YES_AGGRESSIVE;
				GCC_WARN_UNUSED_FUNCTION = YES;
				GCC_WARN_UNUSED_VARIABLE = YES;
				IPHONEOS_DEPLOYMENT_TARGET = 10.2;
				MTL_ENABLE_DEBUG_INFO = NO;
				SDKROOT = iphoneos;
				VALIDATE_PRODUCT = YES;
			};
			name = Release;
		};
		ADEE66EB1E5730AF00C05575 /* Debug */ = {
			isa = XCBuildConfiguration;
			buildSettings = {
				ASSETCATALOG_COMPILER_APPICON_NAME = AppIcon;
				DEVELOPMENT_TEAM = 6EM7RHL4TV;
				INFOPLIST_FILE = "UITextField限制字数Demo/Info.plist";
				IPHONEOS_DEPLOYMENT_TARGET = 8.0;
				LD_RUNPATH_SEARCH_PATHS = "$(inherited) @executable_path/Frameworks";
				PRODUCT_BUNDLE_IDENTIFIER = "com.dfd.testApp.UITextField----Demo";
				PRODUCT_NAME = "$(TARGET_NAME)";
			};
			name = Debug;
		};
		ADEE66EC1E5730AF00C05575 /* Release */ = {
			isa = XCBuildConfiguration;
			buildSettings = {
				ASSETCATALOG_COMPILER_APPICON_NAME = AppIcon;
				DEVELOPMENT_TEAM = 6EM7RHL4TV;
				INFOPLIST_FILE = "UITextField限制字数Demo/Info.plist";
				IPHONEOS_DEPLOYMENT_TARGET = 8.0;
				LD_RUNPATH_SEARCH_PATHS = "$(inherited) @executable_path/Frameworks";
				PRODUCT_BUNDLE_IDENTIFIER = "com.dfd.testApp.UITextField----Demo";
				PRODUCT_NAME = "$(TARGET_NAME)";
			};
			name = Release;
		};
/* End XCBuildConfiguration section */

/* Begin XCConfigurationList section */
		ADEE66CE1E5730AE00C05575 /* Build configuration list for PBXProject "UITextField限制字数Demo" */ = {
			isa = XCConfigurationList;
			buildConfigurations = (
				ADEE66E81E5730AF00C05575 /* Debug */,
				ADEE66E91E5730AF00C05575 /* Release */,
			);
			defaultConfigurationIsVisible = 0;
			defaultConfigurationName = Release;
		};
		ADEE66EA1E5730AF00C05575 /* Build configuration list for PBXNativeTarget "UITextField限制字数Demo" */ = {
			isa = XCConfigurationList;
			buildConfigurations = (
				ADEE66EB1E5730AF00C05575 /* Debug */,
				ADEE66EC1E5730AF00C05575 /* Release */,
			);
			defaultConfigurationIsVisible = 0;
		};
/* End XCConfigurationList section */
	};
	rootObject = ADEE66CB1E5730AE00C05575 /* Project object */;
}
